
Microsoft Visual Studio Solution File, Format Version 12.00
Project("{FAE04EC0-301F-11D3-BF4B-00C04F79EFBC}") = "ProductCatalog.Domain", "src\Domain\ProductCatalog.Domain\ProductCatalog.Domain.csproj", "{FD691367-B3C4-4444-B548-9A084336B961}"
EndProject
Project("{FAE04EC0-301F-11D3-BF4B-00C04F79EFBC}") = "ProductCatalog.Domain.Tests", "src\Tests\ProductCatalog.Domain.Tests\ProductCatalog.Domain.Tests.csproj", "{18135EA5-A65A-4CB8-A307-D6890CB5CE4F}"
EndProject
Project("{FAE04EC0-301F-11D3-BF4B-00C04F79EFBC}") = "ProductCatalog.Data.Fake", "src\Data.Fake\ProductCatalog.Data.Fake\ProductCatalog.Data.Fake.csproj", "{BFF3C6A6-97B8-4B7D-A9FB-0749AA949D24}"
EndProject
Project("{FAE04EC0-301F-11D3-BF4B-00C04F79EFBC}") = "ProductCatalog.Repositories.Tests", "src\Tests\ProductCatalog.Repositories.Tests\ProductCatalog.Repositories.Tests.csproj", "{FF55A8D2-3A15-454C-A6BE-31F955536852}"
EndProject
Project("{FAE04EC0-301F-11D3-BF4B-00C04F79EFBC}") = "webAPI", "src\WebAPI\webAPI\webAPI.csproj", "{DD8C8D10-139C-469C-94F2-116512F6561A}"
EndProject
Project("{FAE04EC0-301F-11D3-BF4B-00C04F79EFBC}") = "ProductCatalog.WebAPI.Testes", "src\Tests\ProductCatalog.WebAPI.Testes\ProductCatalog.WebAPI.Testes.csproj", "{C54C4D02-65C5-4CCA-9312-B5986064FE3C}"
EndProject
Global
	GlobalSection(SolutionConfigurationPlatforms) = preSolution
		Debug|Any CPU = Debug|Any CPU
		Release|Any CPU = Release|Any CPU
	EndGlobalSection
	GlobalSection(ProjectConfigurationPlatforms) = postSolution
		{FD691367-B3C4-4444-B548-9A084336B961}.Debug|Any CPU.ActiveCfg = Debug|Any CPU
		{FD691367-B3C4-4444-B548-9A084336B961}.Debug|Any CPU.Build.0 = Debug|Any CPU
		{FD691367-B3C4-4444-B548-9A084336B961}.Release|Any CPU.ActiveCfg = Release|Any CPU
		{FD691367-B3C4-4444-B548-9A084336B961}.Release|Any CPU.Build.0 = Release|Any CPU
		{18135EA5-A65A-4CB8-A307-D6890CB5CE4F}.Debug|Any CPU.ActiveCfg = Debug|Any CPU
		{18135EA5-A65A-4CB8-A307-D6890CB5CE4F}.Debug|Any CPU.Build.0 = Debug|Any CPU
		{18135EA5-A65A-4CB8-A307-D6890CB5CE4F}.Release|Any CPU.ActiveCfg = Release|Any CPU
		{18135EA5-A65A-4CB8-A307-D6890CB5CE4F}.Release|Any CPU.Build.0 = Release|Any CPU
		{BFF3C6A6-97B8-4B7D-A9FB-0749AA949D24}.Debug|Any CPU.ActiveCfg = Debug|Any CPU
		{BFF3C6A6-97B8-4B7D-A9FB-0749AA949D24}.Debug|Any CPU.Build.0 = Debug|Any CPU
		{BFF3C6A6-97B8-4B7D-A9FB-0749AA949D24}.Release|Any CPU.ActiveCfg = Release|Any CPU
		{BFF3C6A6-97B8-4B7D-A9FB-0749AA949D24}.Release|Any CPU.Build.0 = Release|Any CPU
		{FF55A8D2-3A15-454C-A6BE-31F955536852}.Debug|Any CPU.ActiveCfg = Debug|Any CPU
		{FF55A8D2-3A15-454C-A6BE-31F955536852}.Debug|Any CPU.Build.0 = Debug|Any CPU
		{FF55A8D2-3A15-454C-A6BE-31F955536852}.Release|Any CPU.ActiveCfg = Release|Any CPU
		{FF55A8D2-3A15-454C-A6BE-31F955536852}.Release|Any CPU.Build.0 = Release|Any CPU
		{DD8C8D10-139C-469C-94F2-116512F6561A}.Debug|Any CPU.ActiveCfg = Debug|Any CPU
		{DD8C8D10-139C-469C-94F2-116512F6561A}.Debug|Any CPU.Build.0 = Debug|Any CPU
		{DD8C8D10-139C-469C-94F2-116512F6561A}.Release|Any CPU.ActiveCfg = Release|Any CPU
		{DD8C8D10-139C-469C-94F2-116512F6561A}.Release|Any CPU.Build.0 = Release|Any CPU
		{C54C4D02-65C5-4CCA-9312-B5986064FE3C}.Debug|Any CPU.ActiveCfg = Debug|Any CPU
		{C54C4D02-65C5-4CCA-9312-B5986064FE3C}.Debug|Any CPU.Build.0 = Debug|Any CPU
		{C54C4D02-65C5-4CCA-9312-B5986064FE3C}.Release|Any CPU.ActiveCfg = Release|Any CPU
		{C54C4D02-65C5-4CCA-9312-B5986064FE3C}.Release|Any CPU.Build.0 = Release|Any CPU
	EndGlobalSection
EndGlobal
